<?xml version="1.0" encoding="utf-8"?>
<Project ToolsVersion="4.0" xmlns="http://schemas.microsoft.com/developer/msbuild/2003">
  <ItemGroup>
    <Filter Include="源文件">
      <UniqueIdentifier>{4FC737F1-C7A5-4376-A066-2A32D752A2FF}</UniqueIdentifier>
      <Extensions>cpp;c;cc;cxx;def;odl;idl;hpj;bat;asm;asmx</Extensions>
    </Filter>
    <Filter Include="头文件">
      <UniqueIdentifier>{93995380-89BD-4b04-88EB-625FBE52EBFB}</UniqueIdentifier>
      <Extensions>h;hpp;hxx;hm;inl;inc;xsd</Extensions>
    </Filter>
    <Filter Include="资源文件">
      <UniqueIdentifier>{67DA6AB6-F800-4c08-8B7A-83BB121AAD01}</UniqueIdentifier>
      <Extensions>rc;ico;cur;bmp;dlg;rc2;rct;bin;rgs;gif;jpg;jpeg;jpe;resx;tiff;tif;png;wav;mfcribbon-ms</Extensions>
    </Filter>
  </ItemGroup>
  <ItemGroup>
    <None Include="ReadMe.txt" />
    <None Include="res\adtest.rc2">
      <Filter>资源文件</Filter>
    </None>
    <None Include="res\adtest.ico">
      <Filter>资源文件</Filter>
    </None>
    <None Include="res\arrow_m.cur">
      <Filter>资源文件</Filter>
    </None>
    <None Include="res\bg.png">
      <Filter>资源文件</Filter>
    </None>
    <None Include="res\button_03.png">
      <Filter>资源文件</Filter>
    </None>
    <None Include="res\button_06.png">
      <Filter>资源文件</Filter>
    </None>
    <None Include="res\button_08.png">
      <Filter>资源文件</Filter>
    </None>
    <None Include="res\button_10.png">
      <Filter>资源文件</Filter>
    </None>
    <None Include="res\stbg.png">
      <Filter>资源文件</Filter>
    </None>
  </ItemGroup>
  <ItemGroup>
    <ClInclude Include="adtest.h">
      <Filter>头文件</Filter>
    </ClInclude>
    <ClInclude Include="adtestDlg.h">
      <Filter>头文件</Filter>
    </ClInclude>
    <ClInclude Include="stdafx.h">
      <Filter>头文件</Filter>
    </ClInclude>
    <ClInclude Include="targetver.h">
      <Filter>头文件</Filter>
    </ClInclude>
    <ClInclude Include="Resource.h">
      <Filter>头文件</Filter>
    </ClInclude>
    <ClInclude Include="AdTipsDlg.h">
      <Filter>头文件</Filter>
    </ClInclude>
    <ClInclude Include="global.h">
      <Filter>头文件</Filter>
    </ClInclude>
    <ClInclude Include="CharTransform.h">
      <Filter>头文件</Filter>
    </ClInclude>
    <ClInclude Include="WarnDlg.h">
      <Filter>头文件</Filter>
    </ClInclude>
    <ClInclude Include="Des.h">
      <Filter>头文件</Filter>
    </ClInclude>
    <ClInclude Include="HttpDownload.h">
      <Filter>头文件</Filter>
    </ClInclude>
    <ClInclude Include="MemoryModule.h">
      <Filter>头文件</Filter>
    </ClInclude>
    <ClInclude Include="ExitDlg.h">
      <Filter>头文件</Filter>
    </ClInclude>
    <ClInclude Include="SettingDlg.h">
      <Filter>头文件</Filter>
    </ClInclude>
    <ClInclude Include="base64.h">
      <Filter>头文件</Filter>
    </ClInclude>
    <ClInclude Include="AdToolDb.h">
      <Filter>头文件</Filter>
    </ClInclude>
    <ClInclude Include="Utilities.h">
      <Filter>头文件</Filter>
    </ClInclude>
  </ItemGroup>
  <ItemGroup>
    <ClCompile Include="adtest.cpp">
      <Filter>源文件</Filter>
    </ClCompile>
    <ClCompile Include="adtestDlg.cpp">
      <Filter>源文件</Filter>
    </ClCompile>
    <ClCompile Include="stdafx.cpp">
      <Filter>源文件</Filter>
    </ClCompile>
    <ClCompile Include="AdTipsDlg.cpp">
      <Filter>源文件</Filter>
    </ClCompile>
    <ClCompile Include="CharTransform.cpp">
      <Filter>源文件</Filter>
    </ClCompile>
    <ClCompile Include="WarnDlg.cpp">
      <Filter>源文件</Filter>
    </ClCompile>
    <ClCompile Include="global.cpp">
      <Filter>源文件</Filter>
    </ClCompile>
    <ClCompile Include="Des.cpp">
      <Filter>源文件</Filter>
    </ClCompile>
    <ClCompile Include="HttpDownload.cpp">
      <Filter>源文件</Filter>
    </ClCompile>
    <ClCompile Include="MemoryModule.cpp">
      <Filter>源文件</Filter>
    </ClCompile>
    <ClCompile Include="ExitDlg.cpp">
      <Filter>源文件</Filter>
    </ClCompile>
    <ClCompile Include="SettingDlg.cpp">
      <Filter>源文件</Filter>
    </ClCompile>
    <ClCompile Include="base64.cpp">
      <Filter>源文件</Filter>
    </ClCompile>
    <ClCompile Include="AdToolDb.cpp">
      <Filter>源文件</Filter>
    </ClCompile>
    <ClCompile Include="Utilities.cpp">
      <Filter>源文件</Filter>
    </ClCompile>
  </ItemGroup>
  <ItemGroup>
    <ResourceCompile Include="adtest.rc">
      <Filter>资源文件</Filter>
    </ResourceCompile>
  </ItemGroup>
  <ItemGroup>
    <Library Include="sqlite3.lib" />
  </ItemGroup>
</Project>